
Microsoft Visual Studio Solution File, Format Version 12.00
# Visual Studio Version 16
VisualStudioVersion = 16.0.29306.81
MinimumVisualStudioVersion = 10.0.40219.1
Project("{888888A0-9F3D-457C-B088-3A5042F75D52}") = "spaceWeather", "spaceWeather.pyproj", "{29C37195-7D04-40A6-8C59-E5886FF0738C}"
EndProject
Global
	GlobalSection(SolutionConfigurationPlatforms) = preSolution
		Debug|Any CPU = Debug|Any CPU
		Release|Any CPU = Release|Any CPU
	EndGlobalSection
	GlobalSection(ProjectConfigurationPlatforms) = postSolution
		{29C37195-7D04-40A6-8C59-E5886FF0738C}.Debug|Any CPU.ActiveCfg = Debug|Any CPU
		{29C37195-7D04-40A6-8C59-E5886FF0738C}.Release|Any CPU.ActiveCfg = Release|Any CPU
	EndGlobalSection
	GlobalSection(SolutionProperties) = preSolution
		HideSolutionNode = FALSE
	EndGlobalSection
	GlobalSection(ExtensibilityGlobals) = postSolution
		SolutionGuid = {5C0E2C0C-D12E-4514-9CC5-8270C793D49C}
	EndGlobalSection
EndGlobal
